// !$*UTF8*$!
{
	archiveVersion = 1;
	classes = {
	};
	objectVersion = 46;
	objects = {

/* Begin PBXBuildFile section */
		87BD909D19FBE2F800AC875A /* main.m in Sources */ = {isa = PBXBuildFile; fileRef = 87BD909C19FBE2F800AC875A /* main.m */; };
		87BD90A019FBE2F800AC875A /* AppDelegate.m in Sources */ = {isa = PBXBuildFile; fileRef = 87BD909F19FBE2F800AC875A /* AppDelegate.m */; };
		87BD90A319FBE2F800AC875A /* ViewController.m in Sources */ = {isa = PBXBuildFile; fileRef = 87BD90A219FBE2F800AC875A /* ViewController.m */; };
		87BD90A619FBE2F800AC875A /* Main.storyboard in Resources */ = {isa = PBXBuildFile; fileRef = 87BD90A419FBE2F800AC875A /* Main.storyboard */; };
		87BD90A819FBE2F800AC875A /* Images.xcassets in Resources */ = {isa = PBXBuildFile; fileRef = 87BD90A719FBE2F800AC875A /* Images.xcassets */; };
		87BD90AB19FBE2F800AC875A /* LaunchScreen.xib in Resources */ = {isa = PBXBuildFile; fileRef = 87BD90A919FBE2F800AC875A /* LaunchScreen.xib */; };
		87BD90B719FBE2F800AC875A /* alertcontrollerTests.m in Sources */ = {isa = PBXBuildFile; fileRef = 87BD90B619FBE2F800AC875A /* alertcontrollerTests.m */; };
/* End PBXBuildFile section */

/* Begin PBXContainerItemProxy section */
		87BD90B119FBE2F800AC875A /* PBXContainerItemProxy */ = {
			isa = PBXContainerItemProxy;
			containerPortal = 87BD908F19FBE2F800AC875A /* Project object */;
			proxyType = 1;
			remoteGlobalIDString = 87BD909619FBE2F800AC875A;
			remoteInfo = alertcontroller;
		};
/* End PBXContainerItemProxy section */

/* Begin PBXFileReference section */
		87BD909719FBE2F800AC875A /* alertcontroller.app */ = {isa = PBXFileReference; explicitFileType = wrapper.application; includeInIndex = 0; path = alertcontroller.app; sourceTree = BUILT_PRODUCTS_DIR; };
		87BD909B19FBE2F800AC875A /* Info.plist */ = {isa = PBXFileReference; lastKnownFileType = text.plist.xml; path = Info.plist; sourceTree = "<group>"; };
		87BD909C19FBE2F800AC875A /* main.m */ = {isa = PBXFileReference; lastKnownFileType = sourcecode.c.objc; path = main.m; sourceTree = "<group>"; };
		87BD909E19FBE2F800AC875A /* AppDelegate.h */ = {isa = PBXFileReference; lastKnownFileType = sourcecode.c.h; path = AppDelegate.h; sourceTree = "<group>"; };
		87BD909F19FBE2F800AC875A /* AppDelegate.m */ = {isa = PBXFileReference; lastKnownFileType = sourcecode.c.objc; path = AppDelegate.m; sourceTree = "<group>"; };
		87BD90A119FBE2F800AC875A /* ViewController.h */ = {isa = PBXFileReference; lastKnownFileType = sourcecode.c.h; path = ViewController.h; sourceTree = "<group>"; };
		87BD90A219FBE2F800AC875A /* ViewController.m */ = {isa = PBXFileReference; lastKnownFileType = sourcecode.c.objc; path = ViewController.m; sourceTree = "<group>"; };
		87BD90A519FBE2F800AC875A /* Base */ = {isa = PBXFileReference; lastKnownFileType = file.storyboard; name = Base; path = Base.lproj/Main.storyboard; sourceTree = "<group>"; };
		87BD90A719FBE2F800AC875A /* Images.xcassets */ = {isa = PBXFileReference; lastKnownFileType = folder.assetcatalog; path = Images.xcassets; sourceTree = "<group>"; };
		87BD90AA19FBE2F800AC875A /* Base */ = {isa = PBXFileReference; lastKnownFileType = file.xib; name = Base; path = Base.lproj/LaunchScreen.xib; sourceTree = "<group>"; };
		87BD90B019FBE2F800AC875A /* alertcontrollerTests.xctest */ = {isa = PBXFileReference; explicitFileType = wrapper.cfbundle; includeInIndex = 0; path = alertcontrollerTests.xctest; sourceTree = BUILT_PRODUCTS_DIR; };
		87BD90B519FBE2F800AC875A /* Info.plist */ = {isa = PBXFileReference; lastKnownFileType = text.plist.xml; path = Info.plist; sourceTree = "<group>"; };
		87BD90B619FBE2F800AC875A /* alertcontrollerTests.m */ = {isa = PBXFileReference; lastKnownFileType = sourcecode.c.objc; path = alertcontrollerTests.m; sourceTree = "<group>"; };
/* End PBXFileReference section */

/* Begin PBXFrameworksBuildPhase section */
		87BD909419FBE2F800AC875A /* Frameworks */ = {
			isa = PBXFrameworksBuildPhase;
			buildActionMask = 2147483647;
			files = (
			);
			runOnlyForDeploymentPostprocessing = 0;
		};
		87BD90AD19FBE2F800AC875A /* Frameworks */ = {
			isa = PBXFrameworksBuildPhase;
			buildActionMask = 2147483647;
			files = (
			);
			runOnlyForDeploymentPostprocessing = 0;
		};
/* End PBXFrameworksBuildPhase section */

/* Begin PBXGroup section */
		87BD908E19FBE2F800AC875A = {
			isa = PBXGroup;
			children = (
				87BD909919FBE2F800AC875A /* alertcontroller */,
				87BD90B319FBE2F800AC875A /* alertcontrollerTests */,
				87BD909819FBE2F800AC875A /* Products */,
			);
			sourceTree = "<group>";
		};
		87BD909819FBE2F800AC875A /* Products */ = {
			isa = PBXGroup;
			children = (
				87BD909719FBE2F800AC875A /* alertcontroller.app */,
				87BD90B019FBE2F800AC875A /* alertcontrollerTests.xctest */,
			);
			name = Products;
			sourceTree = "<group>";
		};
		87BD909919FBE2F800AC875A /* alertcontroller */ = {
			isa = PBXGroup;
			children = (
				87BD909E19FBE2F800AC875A /* AppDelegate.h */,
				87BD909F19FBE2F800AC875A /* AppDelegate.m */,
				87BD90A119FBE2F800AC875A /* ViewController.h */,
				87BD90A219FBE2F800AC875A /* ViewController.m */,
				87BD90A419FBE2F800AC875A /* Main.storyboard */,
				87BD90A719FBE2F800AC875A /* Images.xcassets */,
				87BD90A919FBE2F800AC875A /* LaunchScreen.xib */,
				87BD909A19FBE2F800AC875A /* Supporting Files */,
			);
			path = alertcontroller;
			sourceTree = "<group>";
		};
		87BD909A19FBE2F800AC875A /* Supporting Files */ = {
			isa = PBXGroup;
			children = (
				87BD909B19FBE2F800AC875A /* Info.plist */,
				87BD909C19FBE2F800AC875A /* main.m */,
			);
			name = "Supporting Files";
			sourceTree = "<group>";
		};
		87BD90B319FBE2F800AC875A /* alertcontrollerTests */ = {
			isa = PBXGroup;
			children = (
				87BD90B619FBE2F800AC875A /* alertcontrollerTests.m */,
				87BD90B419FBE2F800AC875A /* Supporting Files */,
			);
			path = alertcontrollerTests;
			sourceTree = "<group>";
		};
		87BD90B419FBE2F800AC875A /* Supporting Files */ = {
			isa = PBXGroup;
			children = (
				87BD90B519FBE2F800AC875A /* Info.plist */,
			);
			name = "Supporting Files";
			sourceTree = "<group>";
		};
/* End PBXGroup section */

/* Begin PBXNativeTarget section */
		87BD909619FBE2F800AC875A /* alertcontroller */ = {
			isa = PBXNativeTarget;
			buildConfigurationList = 87BD90BA19FBE2F800AC875A /* Build configuration list for PBXNativeTarget "alertcontroller" */;
			buildPhases = (
				87BD909319FBE2F800AC875A /* Sources */,
				87BD909419FBE2F800AC875A /* Frameworks */,
				87BD909519FBE2F800AC875A /* Resources */,
			);
			buildRules = (
			);
			dependencies = (
			);
			name = alertcontroller;
			productName = alertcontroller;
			productReference = 87BD909719FBE2F800AC875A /* alertcontroller.app */;
			productType = "com.apple.product-type.application";
		};
		87BD90AF19FBE2F800AC875A /* alertcontrollerTests */ = {
			isa = PBXNativeTarget;
			buildConfigurationList = 87BD90BD19FBE2F800AC875A /* Build configuration list for PBXNativeTarget "alertcontrollerTests" */;
			buildPhases = (
				87BD90AC19FBE2F800AC875A /* Sources */,
				87BD90AD19FBE2F800AC875A /* Frameworks */,
				87BD90AE19FBE2F800AC875A /* Resources */,
			);
			buildRules = (
			);
			dependencies = (
				87BD90B219FBE2F800AC875A /* PBXTargetDependency */,
			);
			name = alertcontrollerTests;
			productName = alertcontrollerTests;
			productReference = 87BD90B019FBE2F800AC875A /* alertcontrollerTests.xctest */;
			productType = "com.apple.product-type.bundle.unit-test";
		};
/* End PBXNativeTarget section */

/* Begin PBXProject section */
		87BD908F19FBE2F800AC875A /* Project object */ = {
			isa = PBXProject;
			attributes = {
				LastUpgradeCheck = 0610;
				ORGANIZATIONNAME = mycompany;
				TargetAttributes = {
					87BD909619FBE2F800AC875A = {
						CreatedOnToolsVersion = 6.1;
					};
					87BD90AF19FBE2F800AC875A = {
						CreatedOnToolsVersion = 6.1;
						TestTargetID = 87BD909619FBE2F800AC875A;
					};
				};
			};
			buildConfigurationList = 87BD909219FBE2F800AC875A /* Build configuration list for PBXProject "alertcontroller" */;
			compatibilityVersion = "Xcode 3.2";
			developmentRegion = English;
			hasScannedForEncodings = 0;
			knownRegions = (
				en,
				Base,
			);
			mainGroup = 87BD908E19FBE2F800AC875A;
			productRefGroup = 87BD909819FBE2F800AC875A /* Products */;
			projectDirPath = "";
			projectRoot = "";
			targets = (
				87BD909619FBE2F800AC875A /* alertcontroller */,
				87BD90AF19FBE2F800AC875A /* alertcontrollerTests */,
			);
		};
/* End PBXProject section */

/* Begin PBXResourcesBuildPhase section */
		87BD909519FBE2F800AC875A /* Resources */ = {
			isa = PBXResourcesBuildPhase;
			buildActionMask = 2147483647;
			files = (
				87BD90A619FBE2F800AC875A /* Main.storyboard in Resources */,
				87BD90AB19FBE2F800AC875A /* LaunchScreen.xib in Resources */,
				87BD90A819FBE2F800AC875A /* Images.xcassets in Resources */,
			);
			runOnlyForDeploymentPostprocessing = 0;
		};
		87BD90AE19FBE2F800AC875A /* Resources */ = {
			isa = PBXResourcesBuildPhase;
			buildActionMask = 2147483647;
			files = (
			);
			runOnlyForDeploymentPostprocessing = 0;
		};
/* End PBXResourcesBuildPhase section */

/* Begin PBXSourcesBuildPhase section */
		87BD909319FBE2F800AC875A /* Sources */ = {
			isa = PBXSourcesBuildPhase;
			buildActionMask = 2147483647;
			files = (
				87BD90A319FBE2F800AC875A /* ViewController.m in Sources */,
				87BD90A019FBE2F800AC875A /* AppDelegate.m in Sources */,
				87BD909D19FBE2F800AC875A /* main.m in Sources */,
			);
			runOnlyForDeploymentPostprocessing = 0;
		};
		87BD90AC19FBE2F800AC875A /* Sources */ = {
			isa = PBXSourcesBuildPhase;
			buildActionMask = 2147483647;
			files = (
				87BD90B719FBE2F800AC875A /* alertcontrollerTests.m in Sources */,
			);
			runOnlyForDeploymentPostprocessing = 0;
		};
/* End PBXSourcesBuildPhase section */

/* Begin PBXTargetDependency section */
		87BD90B219FBE2F800AC875A /* PBXTargetDependency */ = {
			isa = PBXTargetDependency;
			target = 87BD909619FBE2F800AC875A /* alertcontroller */;
			targetProxy = 87BD90B119FBE2F800AC875A /* PBXContainerItemProxy */;
		};
/* End PBXTargetDependency section */

/* Begin PBXVariantGroup section */
		87BD90A419FBE2F800AC875A /* Main.storyboard */ = {
			isa = PBXVariantGroup;
			children = (
				87BD90A519FBE2F800AC875A /* Base */,
			);
			name = Main.storyboard;
			sourceTree = "<group>";
		};
		87BD90A919FBE2F800AC875A /* LaunchScreen.xib */ = {
			isa = PBXVariantGroup;
			children = (
				87BD90AA19FBE2F800AC875A /* Base */,
			);
			name = LaunchScreen.xib;
			sourceTree = "<group>";
		};
/* End PBXVariantGroup section */

/* Begin XCBuildConfiguration section */
		87BD90B819FBE2F800AC875A /* Debug */ = {
			isa = XCBuildConfiguration;
			buildSettings = {
				ALWAYS_SEARCH_USER_PATHS = NO;
				CLANG_CXX_LANGUAGE_STANDARD = "gnu++0x";
				CLANG_CXX_LIBRARY = "libc++";
				CLANG_ENABLE_MODULES = YES;
				CLANG_ENABLE_OBJC_ARC = YES;
				CLANG_WARN_BOOL_CONVERSION = YES;
				CLANG_WARN_CONSTANT_CONVERSION = YES;
				CLANG_WARN_DIRECT_OBJC_ISA_USAGE = YES_ERROR;
				CLANG_WARN_EMPTY_BODY = YES;
				CLANG_WARN_ENUM_CONVERSION = YES;
				CLANG_WARN_INT_CONVERSION = YES;
				CLANG_WARN_OBJC_ROOT_CLASS = YES_ERROR;
				CLANG_WARN_UNREACHABLE_CODE = YES;
				CLANG_WARN__DUPLICATE_METHOD_MATCH = YES;
				"CODE_SIGN_IDENTITY[sdk=iphoneos*]" = "iPhone Developer";
				COPY_PHASE_STRIP = NO;
				ENABLE_STRICT_OBJC_MSGSEND = YES;
				GCC_C_LANGUAGE_STANDARD = gnu99;
				GCC_DYNAMIC_NO_PIC = NO;
				GCC_OPTIMIZATION_LEVEL = 0;
				GCC_PREPROCESSOR_DEFINITIONS = (
					"DEBUG=1",
					"$(inherited)",
				);
				GCC_SYMBOLS_PRIVATE_EXTERN = NO;
				GCC_WARN_64_TO_32_BIT_CONVERSION = YES;
				GCC_WARN_ABOUT_RETURN_TYPE = YES_ERROR;
				GCC_WARN_UNDECLARED_SELECTOR = YES;
				GCC_WARN_UNINITIALIZED_AUTOS = YES_AGGRESSIVE;
				GCC_WARN_UNUSED_FUNCTION = YES;
				GCC_WARN_UNUSED_VARIABLE = YES;
				IPHONEOS_DEPLOYMENT_TARGET = 8.1;
				MTL_ENABLE_DEBUG_INFO = YES;
				ONLY_ACTIVE_ARCH = YES;
				SDKROOT = iphoneos;
			};
			name = Debug;
		};
		87BD90B919FBE2F800AC875A /* Release */ = {
			isa = XCBuildConfiguration;
			buildSettings = {
				ALWAYS_SEARCH_USER_PATHS = NO;
				CLANG_CXX_LANGUAGE_STANDARD = "gnu++0x";
				CLANG_CXX_LIBRARY = "libc++";
				CLANG_ENABLE_MODULES = YES;
				CLANG_ENABLE_OBJC_ARC = YES;
				CLANG_WARN_BOOL_CONVERSION = YES;
				CLANG_WARN_CONSTANT_CONVERSION = YES;
				CLANG_WARN_DIRECT_OBJC_ISA_USAGE = YES_ERROR;
				CLANG_WARN_EMPTY_BODY = YES;
				CLANG_WARN_ENUM_CONVERSION = YES;
				CLANG_WARN_INT_CONVERSION = YES;
				CLANG_WARN_OBJC_ROOT_CLASS = YES_ERROR;
				CLANG_WARN_UNREACHABLE_CODE = YES;
				CLANG_WARN__DUPLICATE_METHOD_MATCH = YES;
				"CODE_SIGN_IDENTITY[sdk=iphoneos*]" = "iPhone Developer";
				COPY_PHASE_STRIP = YES;
				ENABLE_NS_ASSERTIONS = NO;
				ENABLE_STRICT_OBJC_MSGSEND = YES;
				GCC_C_LANGUAGE_STANDARD = gnu99;
				GCC_WARN_64_TO_32_BIT_CONVERSION = YES;
				GCC_WARN_ABOUT_RETURN_TYPE = YES_ERROR;
				GCC_WARN_UNDECLARED_SELECTOR = YES;
				GCC_WARN_UNINITIALIZED_AUTOS = YES_AGGRESSIVE;
				GCC_WARN_UNUSED_FUNCTION = YES;
				GCC_WARN_UNUSED_VARIABLE = YES;
				IPHONEOS_DEPLOYMENT_TARGET = 8.1;
				MTL_ENABLE_DEBUG_INFO = NO;
				SDKROOT = iphoneos;
				VALIDATE_PRODUCT = YES;
			};
			name = Release;
		};
		87BD90BB19FBE2F800AC875A /* Debug */ = {
			isa = XCBuildConfiguration;
			buildSettings = {
				ASSETCATALOG_COMPILER_APPICON_NAME = AppIcon;
				INFOPLIST_FILE = alertcontroller/Info.plist;
				LD_RUNPATH_SEARCH_PATHS = "$(inherited) @executable_path/Frameworks";
				PRODUCT_NAME = "$(TARGET_NAME)";
			};
			name = Debug;
		};
		87BD90BC19FBE2F800AC875A /* Release */ = {
			isa = XCBuildConfiguration;
			buildSettings = {
				ASSETCATALOG_COMPILER_APPICON_NAME = AppIcon;
				INFOPLIST_FILE = alertcontroller/Info.plist;
				LD_RUNPATH_SEARCH_PATHS = "$(inherited) @executable_path/Frameworks";
				PRODUCT_NAME = "$(TARGET_NAME)";
			};
			name = Release;
		};
		87BD90BE19FBE2F800AC875A /* Debug */ = {
			isa = XCBuildConfiguration;
			buildSettings = {
				BUNDLE_LOADER = "$(TEST_HOST)";
				FRAMEWORK_SEARCH_PATHS = (
					"$(SDKROOT)/Developer/Library/Frameworks",
					"$(inherited)",
				);
				GCC_PREPROCESSOR_DEFINITIONS = (
					"DEBUG=1",
					"$(inherited)",
				);
				INFOPLIST_FILE = alertcontrollerTests/Info.plist;
				LD_RUNPATH_SEARCH_PATHS = "$(inherited) @executable_path/Frameworks @loader_path/Frameworks";
				PRODUCT_NAME = "$(TARGET_NAME)";
				TEST_HOST = "$(BUILT_PRODUCTS_DIR)/alertcontroller.app/alertcontroller";
			};
			name = Debug;
		};
		87BD90BF19FBE2F800AC875A /* Release */ = {
			isa = XCBuildConfiguration;
			buildSettings = {
				BUNDLE_LOADER = "$(TEST_HOST)";
				FRAMEWORK_SEARCH_PATHS = (
					"$(SDKROOT)/Developer/Library/Frameworks",
					"$(inherited)",
				);
				INFOPLIST_FILE = alertcontrollerTests/Info.plist;
				LD_RUNPATH_SEARCH_PATHS = "$(inherited) @executable_path/Frameworks @loader_path/Frameworks";
				PRODUCT_NAME = "$(TARGET_NAME)";
				TEST_HOST = "$(BUILT_PRODUCTS_DIR)/alertcontroller.app/alertcontroller";
			};
			name = Release;
		};
/* End XCBuildConfiguration section */

/* Begin XCConfigurationList section */
		87BD909219FBE2F800AC875A /* Build configuration list for PBXProject "alertcontroller" */ = {
			isa = XCConfigurationList;
			buildConfigurations = (
				87BD90B819FBE2F800AC875A /* Debug */,
				87BD90B919FBE2F800AC875A /* Release */,
			);
			defaultConfigurationIsVisible = 0;
			defaultConfigurationName = Release;
		};
		87BD90BA19FBE2F800AC875A /* Build configuration list for PBXNativeTarget "alertcontroller" */ = {
			isa = XCConfigurationList;
			buildConfigurations = (
				87BD90BB19FBE2F800AC875A /* Debug */,
				87BD90BC19FBE2F800AC875A /* Release */,
			);
			defaultConfigurationIsVisible = 0;
		};
		87BD90BD19FBE2F800AC875A /* Build configuration list for PBXNativeTarget "alertcontrollerTests" */ = {
			isa = XCConfigurationList;
			buildConfigurations = (
				87BD90BE19FBE2F800AC875A /* Debug */,
				87BD90BF19FBE2F800AC875A /* Release */,
			);
			defaultConfigurationIsVisible = 0;
		};
/* End XCConfigurationList section */
	};
	rootObject = 87BD908F19FBE2F800AC875A /* Project object */;
}
